
Microsoft Visual Studio Solution File, Format Version 12.00
# Visual Studio Version 16
VisualStudioVersion = 16.0.29926.136
MinimumVisualStudioVersion = 10.0.40219.1
Project("{FAE04EC0-301F-11D3-BF4B-00C04F79EFBC}") = "ATask", "ATask\ATask.csproj", "{375FCBF9-E5F6-4992-B033-C3BD38F4A0E3}"
EndProject
Global
	GlobalSection(SolutionConfigurationPlatforms) = preSolution
		Debug|Any CPU = Debug|Any CPU
		Release|Any CPU = Release|Any CPU
	EndGlobalSection
	GlobalSection(ProjectConfigurationPlatforms) = postSolution
		{375FCBF9-E5F6-4992-B033-C3BD38F4A0E3}.Debug|Any CPU.ActiveCfg = Debug|Any CPU
		{375FCBF9-E5F6-4992-B033-C3BD38F4A0E3}.Debug|Any CPU.Build.0 = Debug|Any CPU
		{375FCBF9-E5F6-4992-B033-C3BD38F4A0E3}.Release|Any CPU.ActiveCfg = Release|Any CPU
		{375FCBF9-E5F6-4992-B033-C3BD38F4A0E3}.Release|Any CPU.Build.0 = Release|Any CPU
	EndGlobalSection
	GlobalSection(SolutionProperties) = preSolution
		HideSolutionNode = FALSE
	EndGlobalSection
	GlobalSection(ExtensibilityGlobals) = postSolution
		SolutionGuid = {34D6BEE4-C62D-4A1D-B8D5-C8DF8E70D4EF}
	EndGlobalSection
EndGlobal
